
Microsoft Visual Studio Solution File, Format Version 12.00
# Visual Studio 15
VisualStudioVersion = 15.0.27703.2035
MinimumVisualStudioVersion = 10.0.40219.1
Project("{FAE04EC0-301F-11D3-BF4B-00C04F79EFBC}") = "ListaDynamica.Android", "ListaDynamica\ListaDynamica.Android\ListaDynamica.Android.csproj", "{4AB4BB33-439E-45EA-9F76-3AC93FD30751}"
EndProject
Project("{FAE04EC0-301F-11D3-BF4B-00C04F79EFBC}") = "ListaDynamica.UWP", "ListaDynamica\ListaDynamica.UWP\ListaDynamica.UWP.csproj", "{A3821CE2-71F0-4FCF-9938-5AF087BCB896}"
EndProject
Project("{D954291E-2A0B-460D-934E-DC6B0785DB48}") = "ListaDynamica", "ListaDynamica\ListaDynamica\ListaDynamica.shproj", "{9566AC30-C1BC-43B9-9764-1B26FE62E5DF}"
EndProject
Global
	GlobalSection(SharedMSBuildProjectFiles) = preSolution
		ListaDynamica\ListaDynamica\ListaDynamica.projitems*{4ab4bb33-439e-45ea-9f76-3ac93fd30751}*SharedItemsImports = 4
		ListaDynamica\ListaDynamica\ListaDynamica.projitems*{9566ac30-c1bc-43b9-9764-1b26fe62e5df}*SharedItemsImports = 13
		ListaDynamica\ListaDynamica\ListaDynamica.projitems*{a3821ce2-71f0-4fcf-9938-5af087bcb896}*SharedItemsImports = 4
	EndGlobalSection
	GlobalSection(SolutionConfigurationPlatforms) = preSolution
		Ad-Hoc|Any CPU = Ad-Hoc|Any CPU
		Ad-Hoc|ARM = Ad-Hoc|ARM
		Ad-Hoc|iPhone = Ad-Hoc|iPhone
		Ad-Hoc|iPhoneSimulator = Ad-Hoc|iPhoneSimulator
		Ad-Hoc|x64 = Ad-Hoc|x64
		Ad-Hoc|x86 = Ad-Hoc|x86
		AppStore|Any CPU = AppStore|Any CPU
		AppStore|ARM = AppStore|ARM
		AppStore|iPhone = AppStore|iPhone
		AppStore|iPhoneSimulator = AppStore|iPhoneSimulator
		AppStore|x64 = AppStore|x64
		AppStore|x86 = AppStore|x86
		Debug|Any CPU = Debug|Any CPU
		Debug|ARM = Debug|ARM
		Debug|iPhone = Debug|iPhone
		Debug|iPhoneSimulator = Debug|iPhoneSimulator
		Debug|x64 = Debug|x64
		Debug|x86 = Debug|x86
		Release|Any CPU = Release|Any CPU
		Release|ARM = Release|ARM
		Release|iPhone = Release|iPhone
		Release|iPhoneSimulator = Release|iPhoneSimulator
		Release|x64 = Release|x64
		Release|x86 = Release|x86
	EndGlobalSection
	GlobalSection(ProjectConfigurationPlatforms) = postSolution
		{4AB4BB33-439E-45EA-9F76-3AC93FD30751}.Ad-Hoc|Any CPU.ActiveCfg = Release|Any CPU
		{4AB4BB33-439E-45EA-9F76-3AC93FD30751}.Ad-Hoc|Any CPU.Build.0 = Release|Any CPU
		{4AB4BB33-439E-45EA-9F76-3AC93FD30751}.Ad-Hoc|Any CPU.Deploy.0 = Release|Any CPU
		{4AB4BB33-439E-45EA-9F76-3AC93FD30751}.Ad-Hoc|ARM.ActiveCfg = Release|Any CPU
		{4AB4BB33-439E-45EA-9F76-3AC93FD30751}.Ad-Hoc|ARM.Build.0 = Release|Any CPU
		{4AB4BB33-439E-45EA-9F76-3AC93FD30751}.Ad-Hoc|ARM.Deploy.0 = Release|Any CPU
		{4AB4BB33-439E-45EA-9F76-3AC93FD30751}.Ad-Hoc|iPhone.ActiveCfg = Release|Any CPU
		{4AB4BB33-439E-45EA-9F76-3AC93FD30751}.Ad-Hoc|iPhone.Build.0 = Release|Any CPU
		{4AB4BB33-439E-45EA-9F76-3AC93FD30751}.Ad-Hoc|iPhone.Deploy.0 = Release|Any CPU
		{4AB4BB33-439E-45EA-9F76-3AC93FD30751}.Ad-Hoc|iPhoneSimulator.ActiveCfg = Release|Any CPU
		{4AB4BB33-439E-45EA-9F76-3AC93FD30751}.Ad-Hoc|iPhoneSimulator.Build.0 = Release|Any CPU
		{4AB4BB33-439E-45EA-9F76-3AC93FD30751}.Ad-Hoc|iPhoneSimulator.Deploy.0 = Release|Any CPU
		{4AB4BB33-439E-45EA-9F76-3AC93FD30751}.Ad-Hoc|x64.ActiveCfg = Release|Any CPU
		{4AB4BB33-439E-45EA-9F76-3AC93FD30751}.Ad-Hoc|x64.Build.0 = Release|Any CPU
		{4AB4BB33-439E-45EA-9F76-3AC93FD30751}.Ad-Hoc|x64.Deploy.0 = Release|Any CPU
		{4AB4BB33-439E-45EA-9F76-3AC93FD30751}.Ad-Hoc|x86.ActiveCfg = Release|Any CPU
		{4AB4BB33-439E-45EA-9F76-3AC93FD30751}.Ad-Hoc|x86.Build.0 = Release|Any CPU
		{4AB4BB33-439E-45EA-9F76-3AC93FD30751}.Ad-Hoc|x86.Deploy.0 = Release|Any CPU
		{4AB4BB33-439E-45EA-9F76-3AC93FD30751}.AppStore|Any CPU.ActiveCfg = Release|Any CPU
		{4AB4BB33-439E-45EA-9F76-3AC93FD30751}.AppStore|Any CPU.Build.0 = Release|Any CPU
		{4AB4BB33-439E-45EA-9F76-3AC93FD30751}.AppStore|Any CPU.Deploy.0 = Release|Any CPU
		{4AB4BB33-439E-45EA-9F76-3AC93FD30751}.AppStore|ARM.ActiveCfg = Release|Any CPU
		{4AB4BB33-439E-45EA-9F76-3AC93FD30751}.AppStore|ARM.Build.0 = Release|Any CPU
		{4AB4BB33-439E-45EA-9F76-3AC93FD30751}.AppStore|ARM.Deploy.0 = Release|Any CPU
		{4AB4BB33-439E-45EA-9F76-3AC93FD30751}.AppStore|iPhone.ActiveCfg = Release|Any CPU
		{4AB4BB33-439E-45EA-9F76-3AC93FD30751}.AppStore|iPhone.Build.0 = Release|Any CPU
		{4AB4BB33-439E-45EA-9F76-3AC93FD30751}.AppStore|iPhone.Deploy.0 = Release|Any CPU
		{4AB4BB33-439E-45EA-9F76-3AC93FD30751}.AppStore|iPhoneSimulator.ActiveCfg = Release|Any CPU
		{4AB4BB33-439E-45EA-9F76-3AC93FD30751}.AppStore|iPhoneSimulator.Build.0 = Release|Any CPU
		{4AB4BB33-439E-45EA-9F76-3AC93FD30751}.AppStore|iPhoneSimulator.Deploy.0 = Release|Any CPU
		{4AB4BB33-439E-45EA-9F76-3AC93FD30751}.AppStore|x64.ActiveCfg = Release|Any CPU
		{4AB4BB33-439E-45EA-9F76-3AC93FD30751}.AppStore|x64.Build.0 = Release|Any CPU
		{4AB4BB33-439E-45EA-9F76-3AC93FD30751}.AppStore|x64.Deploy.0 = Release|Any CPU
		{4AB4BB33-439E-45EA-9F76-3AC93FD30751}.AppStore|x86.ActiveCfg = Release|Any CPU
		{4AB4BB33-439E-45EA-9F76-3AC93FD30751}.AppStore|x86.Build.0 = Release|Any CPU
		{4AB4BB33-439E-45EA-9F76-3AC93FD30751}.AppStore|x86.Deploy.0 = Release|Any CPU
		{4AB4BB33-439E-45EA-9F76-3AC93FD30751}.Debug|Any CPU.ActiveCfg = Debug|Any CPU
		{4AB4BB33-439E-45EA-9F76-3AC93FD30751}.Debug|Any CPU.Build.0 = Debug|Any CPU
		{4AB4BB33-439E-45EA-9F76-3AC93FD30751}.Debug|Any CPU.Deploy.0 = Debug|Any CPU
		{4AB4BB33-439E-45EA-9F76-3AC93FD30751}.Debug|ARM.ActiveCfg = Debug|Any CPU
		{4AB4BB33-439E-45EA-9F76-3AC93FD30751}.Debug|ARM.Build.0 = Debug|Any CPU
		{4AB4BB33-439E-45EA-9F76-3AC93FD30751}.Debug|ARM.Deploy.0 = Debug|Any CPU
		{4AB4BB33-439E-45EA-9F76-3AC93FD30751}.Debug|iPhone.ActiveCfg = Debug|Any CPU
		{4AB4BB33-439E-45EA-9F76-3AC93FD30751}.Debug|iPhone.Build.0 = Debug|Any CPU
		{4AB4BB33-439E-45EA-9F76-3AC93FD30751}.Debug|iPhone.Deploy.0 = Debug|Any CPU
		{4AB4BB33-439E-45EA-9F76-3AC93FD30751}.Debug|iPhoneSimulator.ActiveCfg = Debug|Any CPU
		{4AB4BB33-439E-45EA-9F76-3AC93FD30751}.Debug|iPhoneSimulator.Build.0 = Debug|Any CPU
		{4AB4BB33-439E-45EA-9F76-3AC93FD30751}.Debug|iPhoneSimulator.Deploy.0 = Debug|Any CPU
		{4AB4BB33-439E-45EA-9F76-3AC93FD30751}.Debug|x64.ActiveCfg = Debug|Any CPU
		{4AB4BB33-439E-45EA-9F76-3AC93FD30751}.Debug|x64.Build.0 = Debug|Any CPU
		{4AB4BB33-439E-45EA-9F76-3AC93FD30751}.Debug|x64.Deploy.0 = Debug|Any CPU
		{4AB4BB33-439E-45EA-9F76-3AC93FD30751}.Debug|x86.ActiveCfg = Debug|Any CPU
		{4AB4BB33-439E-45EA-9F76-3AC93FD30751}.Debug|x86.Build.0 = Debug|Any CPU
		{4AB4BB33-439E-45EA-9F76-3AC93FD30751}.Debug|x86.Deploy.0 = Debug|Any CPU
		{4AB4BB33-439E-45EA-9F76-3AC93FD30751}.Release|Any CPU.ActiveCfg = Release|Any CPU
		{4AB4BB33-439E-45EA-9F76-3AC93FD30751}.Release|Any CPU.Build.0 = Release|Any CPU
		{4AB4BB33-439E-45EA-9F76-3AC93FD30751}.Release|Any CPU.Deploy.0 = Release|Any CPU
		{4AB4BB33-439E-45EA-9F76-3AC93FD30751}.Release|ARM.ActiveCfg = Release|Any CPU
		{4AB4BB33-439E-45EA-9F76-3AC93FD30751}.Release|ARM.Build.0 = Release|Any CPU
		{4AB4BB33-439E-45EA-9F76-3AC93FD30751}.Release|ARM.Deploy.0 = Release|Any CPU
		{4AB4BB33-439E-45EA-9F76-3AC93FD30751}.Release|iPhone.ActiveCfg = Release|Any CPU
		{4AB4BB33-439E-45EA-9F76-3AC93FD30751}.Release|iPhone.Build.0 = Release|Any CPU
		{4AB4BB33-439E-45EA-9F76-3AC93FD30751}.Release|iPhone.Deploy.0 = Release|Any CPU
		{4AB4BB33-439E-45EA-9F76-3AC93FD30751}.Release|iPhoneSimulator.ActiveCfg = Release|Any CPU
		{4AB4BB33-439E-45EA-9F76-3AC93FD30751}.Release|iPhoneSimulator.Build.0 = Release|Any CPU
		{4AB4BB33-439E-45EA-9F76-3AC93FD30751}.Release|iPhoneSimulator.Deploy.0 = Release|Any CPU
		{4AB4BB33-439E-45EA-9F76-3AC93FD30751}.Release|x64.ActiveCfg = Release|Any CPU
		{4AB4BB33-439E-45EA-9F76-3AC93FD30751}.Release|x64.Build.0 = Release|Any CPU
		{4AB4BB33-439E-45EA-9F76-3AC93FD30751}.Release|x64.Deploy.0 = Release|Any CPU
		{4AB4BB33-439E-45EA-9F76-3AC93FD30751}.Release|x86.ActiveCfg = Release|Any CPU
		{4AB4BB33-439E-45EA-9F76-3AC93FD30751}.Release|x86.Build.0 = Release|Any CPU
		{4AB4BB33-439E-45EA-9F76-3AC93FD30751}.Release|x86.Deploy.0 = Release|Any CPU
		{A3821CE2-71F0-4FCF-9938-5AF087BCB896}.Ad-Hoc|Any CPU.ActiveCfg = Release|x86
		{A3821CE2-71F0-4FCF-9938-5AF087BCB896}.Ad-Hoc|Any CPU.Build.0 = Release|x86
		{A3821CE2-71F0-4FCF-9938-5AF087BCB896}.Ad-Hoc|Any CPU.Deploy.0 = Release|x86
		{A3821CE2-71F0-4FCF-9938-5AF087BCB896}.Ad-Hoc|ARM.ActiveCfg = Release|ARM
		{A3821CE2-71F0-4FCF-9938-5AF087BCB896}.Ad-Hoc|ARM.Build.0 = Release|ARM
		{A3821CE2-71F0-4FCF-9938-5AF087BCB896}.Ad-Hoc|ARM.Deploy.0 = Release|ARM
		{A3821CE2-71F0-4FCF-9938-5AF087BCB896}.Ad-Hoc|iPhone.ActiveCfg = Release|x86
		{A3821CE2-71F0-4FCF-9938-5AF087BCB896}.Ad-Hoc|iPhone.Build.0 = Release|x86
		{A3821CE2-71F0-4FCF-9938-5AF087BCB896}.Ad-Hoc|iPhone.Deploy.0 = Release|x86
		{A3821CE2-71F0-4FCF-9938-5AF087BCB896}.Ad-Hoc|iPhoneSimulator.ActiveCfg = Release|x86
		{A3821CE2-71F0-4FCF-9938-5AF087BCB896}.Ad-Hoc|iPhoneSimulator.Build.0 = Release|x86
		{A3821CE2-71F0-4FCF-9938-5AF087BCB896}.Ad-Hoc|iPhoneSimulator.Deploy.0 = Release|x86
		{A3821CE2-71F0-4FCF-9938-5AF087BCB896}.Ad-Hoc|x64.ActiveCfg = Release|x64
		{A3821CE2-71F0-4FCF-9938-5AF087BCB896}.Ad-Hoc|x64.Build.0 = Release|x64
		{A3821CE2-71F0-4FCF-9938-5AF087BCB896}.Ad-Hoc|x64.Deploy.0 = Release|x64
		{A3821CE2-71F0-4FCF-9938-5AF087BCB896}.Ad-Hoc|x86.ActiveCfg = Release|x86
		{A3821CE2-71F0-4FCF-9938-5AF087BCB896}.Ad-Hoc|x86.Build.0 = Release|x86
		{A3821CE2-71F0-4FCF-9938-5AF087BCB896}.Ad-Hoc|x86.Deploy.0 = Release|x86
		{A3821CE2-71F0-4FCF-9938-5AF087BCB896}.AppStore|Any CPU.ActiveCfg = Release|x86
		{A3821CE2-71F0-4FCF-9938-5AF087BCB896}.AppStore|Any CPU.Build.0 = Release|x86
		{A3821CE2-71F0-4FCF-9938-5AF087BCB896}.AppStore|Any CPU.Deploy.0 = Release|x86
		{A3821CE2-71F0-4FCF-9938-5AF087BCB896}.AppStore|ARM.ActiveCfg = Release|ARM
		{A3821CE2-71F0-4FCF-9938-5AF087BCB896}.AppStore|ARM.Build.0 = Release|ARM
		{A3821CE2-71F0-4FCF-9938-5AF087BCB896}.AppStore|ARM.Deploy.0 = Release|ARM
		{A3821CE2-71F0-4FCF-9938-5AF087BCB896}.AppStore|iPhone.ActiveCfg = Release|x86
		{A3821CE2-71F0-4FCF-9938-5AF087BCB896}.AppStore|iPhone.Build.0 = Release|x86
		{A3821CE2-71F0-4FCF-9938-5AF087BCB896}.AppStore|iPhone.Deploy.0 = Release|x86
		{A3821CE2-71F0-4FCF-9938-5AF087BCB896}.AppStore|iPhoneSimulator.ActiveCfg = Release|x86
		{A3821CE2-71F0-4FCF-9938-5AF087BCB896}.AppStore|iPhoneSimulator.Build.0 = Release|x86
		{A3821CE2-71F0-4FCF-9938-5AF087BCB896}.AppStore|iPhoneSimulator.Deploy.0 = Release|x86
		{A3821CE2-71F0-4FCF-9938-5AF087BCB896}.AppStore|x64.ActiveCfg = Release|x64
		{A3821CE2-71F0-4FCF-9938-5AF087BCB896}.AppStore|x64.Build.0 = Release|x64
		{A3821CE2-71F0-4FCF-9938-5AF087BCB896}.AppStore|x64.Deploy.0 = Release|x64
		{A3821CE2-71F0-4FCF-9938-5AF087BCB896}.AppStore|x86.ActiveCfg = Release|x86
		{A3821CE2-71F0-4FCF-9938-5AF087BCB896}.AppStore|x86.Build.0 = Release|x86
		{A3821CE2-71F0-4FCF-9938-5AF087BCB896}.AppStore|x86.Deploy.0 = Release|x86
		{A3821CE2-71F0-4FCF-9938-5AF087BCB896}.Debug|Any CPU.ActiveCfg = Debug|x86
		{A3821CE2-71F0-4FCF-9938-5AF087BCB896}.Debug|Any CPU.Build.0 = Debug|x86
		{A3821CE2-71F0-4FCF-9938-5AF087BCB896}.Debug|Any CPU.Deploy.0 = Debug|x86
		{A3821CE2-71F0-4FCF-9938-5AF087BCB896}.Debug|ARM.ActiveCfg = Debug|ARM
		{A3821CE2-71F0-4FCF-9938-5AF087BCB896}.Debug|ARM.Build.0 = Debug|ARM
		{A3821CE2-71F0-4FCF-9938-5AF087BCB896}.Debug|ARM.Deploy.0 = Debug|ARM
		{A3821CE2-71F0-4FCF-9938-5AF087BCB896}.Debug|iPhone.ActiveCfg = Debug|x86
		{A3821CE2-71F0-4FCF-9938-5AF087BCB896}.Debug|iPhone.Build.0 = Debug|x86
		{A3821CE2-71F0-4FCF-9938-5AF087BCB896}.Debug|iPhone.Deploy.0 = Debug|x86
		{A3821CE2-71F0-4FCF-9938-5AF087BCB896}.Debug|iPhoneSimulator.ActiveCfg = Debug|x86
		{A3821CE2-71F0-4FCF-9938-5AF087BCB896}.Debug|iPhoneSimulator.Build.0 = Debug|x86
		{A3821CE2-71F0-4FCF-9938-5AF087BCB896}.Debug|iPhoneSimulator.Deploy.0 = Debug|x86
		{A3821CE2-71F0-4FCF-9938-5AF087BCB896}.Debug|x64.ActiveCfg = Debug|x64
		{A3821CE2-71F0-4FCF-9938-5AF087BCB896}.Debug|x64.Build.0 = Debug|x64
		{A3821CE2-71F0-4FCF-9938-5AF087BCB896}.Debug|x64.Deploy.0 = Debug|x64
		{A3821CE2-71F0-4FCF-9938-5AF087BCB896}.Debug|x86.ActiveCfg = Debug|x86
		{A3821CE2-71F0-4FCF-9938-5AF087BCB896}.Debug|x86.Build.0 = Debug|x86
		{A3821CE2-71F0-4FCF-9938-5AF087BCB896}.Debug|x86.Deploy.0 = Debug|x86
		{A3821CE2-71F0-4FCF-9938-5AF087BCB896}.Release|Any CPU.ActiveCfg = Release|x86
		{A3821CE2-71F0-4FCF-9938-5AF087BCB896}.Release|Any CPU.Build.0 = Release|x86
		{A3821CE2-71F0-4FCF-9938-5AF087BCB896}.Release|Any CPU.Deploy.0 = Release|x86
		{A3821CE2-71F0-4FCF-9938-5AF087BCB896}.Release|ARM.ActiveCfg = Release|ARM
		{A3821CE2-71F0-4FCF-9938-5AF087BCB896}.Release|ARM.Build.0 = Release|ARM
		{A3821CE2-71F0-4FCF-9938-5AF087BCB896}.Release|ARM.Deploy.0 = Release|ARM
		{A3821CE2-71F0-4FCF-9938-5AF087BCB896}.Release|iPhone.ActiveCfg = Release|x86
		{A3821CE2-71F0-4FCF-9938-5AF087BCB896}.Release|iPhone.Build.0 = Release|x86
		{A3821CE2-71F0-4FCF-9938-5AF087BCB896}.Release|iPhone.Deploy.0 = Release|x86
		{A3821CE2-71F0-4FCF-9938-5AF087BCB896}.Release|iPhoneSimulator.ActiveCfg = Release|x86
		{A3821CE2-71F0-4FCF-9938-5AF087BCB896}.Release|iPhoneSimulator.Build.0 = Release|x86
		{A3821CE2-71F0-4FCF-9938-5AF087BCB896}.Release|iPhoneSimulator.Deploy.0 = Release|x86
		{A3821CE2-71F0-4FCF-9938-5AF087BCB896}.Release|x64.ActiveCfg = Release|x64
		{A3821CE2-71F0-4FCF-9938-5AF087BCB896}.Release|x64.Build.0 = Release|x64
		{A3821CE2-71F0-4FCF-9938-5AF087BCB896}.Release|x64.Deploy.0 = Release|x64
		{A3821CE2-71F0-4FCF-9938-5AF087BCB896}.Release|x86.ActiveCfg = Release|x86
		{A3821CE2-71F0-4FCF-9938-5AF087BCB896}.Release|x86.Build.0 = Release|x86
		{A3821CE2-71F0-4FCF-9938-5AF087BCB896}.Release|x86.Deploy.0 = Release|x86
	EndGlobalSection
	GlobalSection(SolutionProperties) = preSolution
		HideSolutionNode = FALSE
	EndGlobalSection
	GlobalSection(ExtensibilityGlobals) = postSolution
		SolutionGuid = {1DFB82EC-CE9F-4C79-B3CC-9B3828E89546}
	EndGlobalSection
EndGlobal
